
Microsoft Visual Studio Solution File, Format Version 12.00
# Visual Studio Version 17
VisualStudioVersion = 17.3.32922.545
MinimumVisualStudioVersion = 10.0.40219.1
Project("{9A19103F-16F7-4668-BE54-9A1E7A4F7556}") = "Wonga.RabbitMQ.Producer", "Wonga.RabbitMQ.Producer\Wonga.RabbitMQ.Producer.csproj", "{811A9F05-569B-42D8-9197-935A62FCED39}"
EndProject
Project("{9A19103F-16F7-4668-BE54-9A1E7A4F7556}") = "Wonga.RabbitMQ.Consumer", "Wonga.RabbitMQ.Consumer\Wonga.RabbitMQ.Consumer.csproj", "{62AA94B1-AB9D-4E59-B7C5-3BF6759534DF}"
EndProject
Project("{2150E333-8FDC-42A3-9474-1A3956D46DE8}") = "Microservices", "Microservices", "{8EF75BD0-6B3A-4E98-9AB7-EECC8D2AD104}"
EndProject
Project("{2150E333-8FDC-42A3-9474-1A3956D46DE8}") = "IoC", "IoC", "{2939DB8B-FED4-4ACC-A428-F971B0ACBC96}"
EndProject
Project("{2150E333-8FDC-42A3-9474-1A3956D46DE8}") = "Domain", "Domain", "{F0A2AE40-9554-4A86-9F77-72D1E44EF257}"
EndProject
Global
	GlobalSection(SolutionConfigurationPlatforms) = preSolution
		Debug|Any CPU = Debug|Any CPU
		Release|Any CPU = Release|Any CPU
	EndGlobalSection
	GlobalSection(ProjectConfigurationPlatforms) = postSolution
		{811A9F05-569B-42D8-9197-935A62FCED39}.Debug|Any CPU.ActiveCfg = Debug|Any CPU
		{811A9F05-569B-42D8-9197-935A62FCED39}.Debug|Any CPU.Build.0 = Debug|Any CPU
		{811A9F05-569B-42D8-9197-935A62FCED39}.Release|Any CPU.ActiveCfg = Release|Any CPU
		{811A9F05-569B-42D8-9197-935A62FCED39}.Release|Any CPU.Build.0 = Release|Any CPU
		{62AA94B1-AB9D-4E59-B7C5-3BF6759534DF}.Debug|Any CPU.ActiveCfg = Debug|Any CPU
		{62AA94B1-AB9D-4E59-B7C5-3BF6759534DF}.Debug|Any CPU.Build.0 = Debug|Any CPU
		{62AA94B1-AB9D-4E59-B7C5-3BF6759534DF}.Release|Any CPU.ActiveCfg = Release|Any CPU
		{62AA94B1-AB9D-4E59-B7C5-3BF6759534DF}.Release|Any CPU.Build.0 = Release|Any CPU
	EndGlobalSection
	GlobalSection(SolutionProperties) = preSolution
		HideSolutionNode = FALSE
	EndGlobalSection
	GlobalSection(ExtensibilityGlobals) = postSolution
		SolutionGuid = {DCE2F452-698D-4216-8098-B7DDD310185E}
	EndGlobalSection
EndGlobal
